
Microsoft Visual Studio Solution File, Format Version 12.00
# Visual Studio Version 16
VisualStudioVersion = 16.0.31729.503
MinimumVisualStudioVersion = 10.0.40219.1
Project("{8BC9CEB8-8B4A-11D0-8D11-00A0C91BC942}") = "01010_다리 놓기", "01010_다리 놓기\01010_다리 놓기.vcxproj", "{41ECCE1E-06CA-415F-9F27-252D2406265C}"
EndProject
Project("{8BC9CEB8-8B4A-11D0-8D11-00A0C91BC942}") = "02072_오목", "02072_오목\02072_오목.vcxproj", "{EE6B5B3D-1FCE-44B2-88E7-233FF2059FF2}"
EndProject
Project("{8BC9CEB8-8B4A-11D0-8D11-00A0C91BC942}") = "11726_2xn 타일링", "11726_2xn 타일링\11726_2xn 타일링.vcxproj", "{FA27143F-4921-4585-BB30-0803841E4DFF}"
EndProject
Project("{8BC9CEB8-8B4A-11D0-8D11-00A0C91BC942}") = "01004_어린왕자", "01004_어린왕자\01004_어린왕자.vcxproj", "{63234A02-D6E4-46F7-B017-D1BAB25212F8}"
EndProject
Project("{8BC9CEB8-8B4A-11D0-8D11-00A0C91BC942}") = "01051_숫자 정사각형", "01051_숫자 정사각형\01051_숫자 정사각형.vcxproj", "{2958EBE8-AEA5-44E7-8F2F-ECC421DC045A}"
EndProject
Project("{8BC9CEB8-8B4A-11D0-8D11-00A0C91BC942}") = "01057_토너먼트", "01057_토너먼트\01057_토너먼트.vcxproj", "{FD07934A-25BA-40B9-A5FF-38598351826C}"
EndProject
Project("{8BC9CEB8-8B4A-11D0-8D11-00A0C91BC942}") = "01072_게임", "01072_게임\01072_게임.vcxproj", "{928DB9EE-6C29-448F-A232-978ABE3D5D73}"
EndProject
Project("{8BC9CEB8-8B4A-11D0-8D11-00A0C91BC942}") = "01124_언더프라임", "01124_언더프라임\01124_언더프라임.vcxproj", "{3B830390-3430-4005-9D6A-77D73765A9C1}"
EndProject
Project("{8BC9CEB8-8B4A-11D0-8D11-00A0C91BC942}") = "01012_유기농 배추", "01012_유기농 배추\01012_유기농 배추.vcxproj", "{70D5E8CF-4D3A-4385-8972-1B48C1B90E25}"
EndProject
Project("{8BC9CEB8-8B4A-11D0-8D11-00A0C91BC942}") = "01141_접두사", "01141_접두사\01141_접두사.vcxproj", "{9546EAE3-1115-4312-A570-54A92FEDB547}"
EndProject
Project("{8BC9CEB8-8B4A-11D0-8D11-00A0C91BC942}") = "01166_선물", "01166_선물\01166_선물.vcxproj", "{9A404A5B-9557-4947-AADC-E7D9F6C46ED0}"
EndProject
Project("{8BC9CEB8-8B4A-11D0-8D11-00A0C91BC942}") = "01198_삼각형으로 자르기", "01198_삼각형으로 자르기\01198_삼각형으로 자르기.vcxproj", "{8ACB8284-D3DB-44E2-B371-D661B47780DC}"
EndProject
Project("{8BC9CEB8-8B4A-11D0-8D11-00A0C91BC942}") = "01269_대칭 차집합", "01269_대칭 차집합\01269_대칭 차집합.vcxproj", "{FCD336D9-46DE-422F-8ADE-E10AC55E16C8}"
EndProject
Project("{8BC9CEB8-8B4A-11D0-8D11-00A0C91BC942}") = "01270_전쟁 - 땅따먹기", "01270_전쟁 - 땅따먹기\01270_전쟁 - 땅따먹기.vcxproj", "{11FB21CA-1E4D-4FF3-926B-BBD46B7953D9}"
EndProject
Project("{888888A0-9F3D-457C-B088-3A5042F75D52}") = "01270_python", "1270_python\01270_python.pyproj", "{06645B05-F1D7-4180-B53C-06B3034574A9}"
EndProject
Global
	GlobalSection(SolutionConfigurationPlatforms) = preSolution
		Debug|Any CPU = Debug|Any CPU
		Debug|x64 = Debug|x64
		Debug|x86 = Debug|x86
		Release|Any CPU = Release|Any CPU
		Release|x64 = Release|x64
		Release|x86 = Release|x86
	EndGlobalSection
	GlobalSection(ProjectConfigurationPlatforms) = postSolution
		{41ECCE1E-06CA-415F-9F27-252D2406265C}.Debug|Any CPU.ActiveCfg = Debug|Win32
		{41ECCE1E-06CA-415F-9F27-252D2406265C}.Debug|x64.ActiveCfg = Debug|x64
		{41ECCE1E-06CA-415F-9F27-252D2406265C}.Debug|x64.Build.0 = Debug|x64
		{41ECCE1E-06CA-415F-9F27-252D2406265C}.Debug|x86.ActiveCfg = Debug|Win32
		{41ECCE1E-06CA-415F-9F27-252D2406265C}.Debug|x86.Build.0 = Debug|Win32
		{41ECCE1E-06CA-415F-9F27-252D2406265C}.Release|Any CPU.ActiveCfg = Release|Win32
		{41ECCE1E-06CA-415F-9F27-252D2406265C}.Release|x64.ActiveCfg = Release|x64
		{41ECCE1E-06CA-415F-9F27-252D2406265C}.Release|x64.Build.0 = Release|x64
		{41ECCE1E-06CA-415F-9F27-252D2406265C}.Release|x86.ActiveCfg = Release|Win32
		{41ECCE1E-06CA-415F-9F27-252D2406265C}.Release|x86.Build.0 = Release|Win32
		{EE6B5B3D-1FCE-44B2-88E7-233FF2059FF2}.Debug|Any CPU.ActiveCfg = Debug|Win32
		{EE6B5B3D-1FCE-44B2-88E7-233FF2059FF2}.Debug|x64.ActiveCfg = Debug|x64
		{EE6B5B3D-1FCE-44B2-88E7-233FF2059FF2}.Debug|x64.Build.0 = Debug|x64
		{EE6B5B3D-1FCE-44B2-88E7-233FF2059FF2}.Debug|x86.ActiveCfg = Debug|Win32
		{EE6B5B3D-1FCE-44B2-88E7-233FF2059FF2}.Debug|x86.Build.0 = Debug|Win32
		{EE6B5B3D-1FCE-44B2-88E7-233FF2059FF2}.Release|Any CPU.ActiveCfg = Release|Win32
		{EE6B5B3D-1FCE-44B2-88E7-233FF2059FF2}.Release|x64.ActiveCfg = Release|x64
		{EE6B5B3D-1FCE-44B2-88E7-233FF2059FF2}.Release|x64.Build.0 = Release|x64
		{EE6B5B3D-1FCE-44B2-88E7-233FF2059FF2}.Release|x86.ActiveCfg = Release|Win32
		{EE6B5B3D-1FCE-44B2-88E7-233FF2059FF2}.Release|x86.Build.0 = Release|Win32
		{FA27143F-4921-4585-BB30-0803841E4DFF}.Debug|Any CPU.ActiveCfg = Debug|Win32
		{FA27143F-4921-4585-BB30-0803841E4DFF}.Debug|x64.ActiveCfg = Debug|x64
		{FA27143F-4921-4585-BB30-0803841E4DFF}.Debug|x64.Build.0 = Debug|x64
		{FA27143F-4921-4585-BB30-0803841E4DFF}.Debug|x86.ActiveCfg = Debug|Win32
		{FA27143F-4921-4585-BB30-0803841E4DFF}.Debug|x86.Build.0 = Debug|Win32
		{FA27143F-4921-4585-BB30-0803841E4DFF}.Release|Any CPU.ActiveCfg = Release|Win32
		{FA27143F-4921-4585-BB30-0803841E4DFF}.Release|x64.ActiveCfg = Release|x64
		{FA27143F-4921-4585-BB30-0803841E4DFF}.Release|x64.Build.0 = Release|x64
		{FA27143F-4921-4585-BB30-0803841E4DFF}.Release|x86.ActiveCfg = Release|Win32
		{FA27143F-4921-4585-BB30-0803841E4DFF}.Release|x86.Build.0 = Release|Win32
		{63234A02-D6E4-46F7-B017-D1BAB25212F8}.Debug|Any CPU.ActiveCfg = Debug|Win32
		{63234A02-D6E4-46F7-B017-D1BAB25212F8}.Debug|x64.ActiveCfg = Debug|x64
		{63234A02-D6E4-46F7-B017-D1BAB25212F8}.Debug|x64.Build.0 = Debug|x64
		{63234A02-D6E4-46F7-B017-D1BAB25212F8}.Debug|x86.ActiveCfg = Debug|Win32
		{63234A02-D6E4-46F7-B017-D1BAB25212F8}.Debug|x86.Build.0 = Debug|Win32
		{63234A02-D6E4-46F7-B017-D1BAB25212F8}.Release|Any CPU.ActiveCfg = Release|Win32
		{63234A02-D6E4-46F7-B017-D1BAB25212F8}.Release|x64.ActiveCfg = Release|x64
		{63234A02-D6E4-46F7-B017-D1BAB25212F8}.Release|x64.Build.0 = Release|x64
		{63234A02-D6E4-46F7-B017-D1BAB25212F8}.Release|x86.ActiveCfg = Release|Win32
		{63234A02-D6E4-46F7-B017-D1BAB25212F8}.Release|x86.Build.0 = Release|Win32
		{2958EBE8-AEA5-44E7-8F2F-ECC421DC045A}.Debug|Any CPU.ActiveCfg = Debug|Win32
		{2958EBE8-AEA5-44E7-8F2F-ECC421DC045A}.Debug|x64.ActiveCfg = Debug|x64
		{2958EBE8-AEA5-44E7-8F2F-ECC421DC045A}.Debug|x64.Build.0 = Debug|x64
		{2958EBE8-AEA5-44E7-8F2F-ECC421DC045A}.Debug|x86.ActiveCfg = Debug|Win32
		{2958EBE8-AEA5-44E7-8F2F-ECC421DC045A}.Debug|x86.Build.0 = Debug|Win32
		{2958EBE8-AEA5-44E7-8F2F-ECC421DC045A}.Release|Any CPU.ActiveCfg = Release|Win32
		{2958EBE8-AEA5-44E7-8F2F-ECC421DC045A}.Release|x64.ActiveCfg = Release|x64
		{2958EBE8-AEA5-44E7-8F2F-ECC421DC045A}.Release|x64.Build.0 = Release|x64
		{2958EBE8-AEA5-44E7-8F2F-ECC421DC045A}.Release|x86.ActiveCfg = Release|Win32
		{2958EBE8-AEA5-44E7-8F2F-ECC421DC045A}.Release|x86.Build.0 = Release|Win32
		{FD07934A-25BA-40B9-A5FF-38598351826C}.Debug|Any CPU.ActiveCfg = Debug|Win32
		{FD07934A-25BA-40B9-A5FF-38598351826C}.Debug|x64.ActiveCfg = Debug|x64
		{FD07934A-25BA-40B9-A5FF-38598351826C}.Debug|x64.Build.0 = Debug|x64
		{FD07934A-25BA-40B9-A5FF-38598351826C}.Debug|x86.ActiveCfg = Debug|Win32
		{FD07934A-25BA-40B9-A5FF-38598351826C}.Debug|x86.Build.0 = Debug|Win32
		{FD07934A-25BA-40B9-A5FF-38598351826C}.Release|Any CPU.ActiveCfg = Release|Win32
		{FD07934A-25BA-40B9-A5FF-38598351826C}.Release|x64.ActiveCfg = Release|x64
		{FD07934A-25BA-40B9-A5FF-38598351826C}.Release|x64.Build.0 = Release|x64
		{FD07934A-25BA-40B9-A5FF-38598351826C}.Release|x86.ActiveCfg = Release|Win32
		{FD07934A-25BA-40B9-A5FF-38598351826C}.Release|x86.Build.0 = Release|Win32
		{928DB9EE-6C29-448F-A232-978ABE3D5D73}.Debug|Any CPU.ActiveCfg = Debug|Win32
		{928DB9EE-6C29-448F-A232-978ABE3D5D73}.Debug|x64.ActiveCfg = Debug|x64
		{928DB9EE-6C29-448F-A232-978ABE3D5D73}.Debug|x64.Build.0 = Debug|x64
		{928DB9EE-6C29-448F-A232-978ABE3D5D73}.Debug|x86.ActiveCfg = Debug|Win32
		{928DB9EE-6C29-448F-A232-978ABE3D5D73}.Debug|x86.Build.0 = Debug|Win32
		{928DB9EE-6C29-448F-A232-978ABE3D5D73}.Release|Any CPU.ActiveCfg = Release|Win32
		{928DB9EE-6C29-448F-A232-978ABE3D5D73}.Release|x64.ActiveCfg = Release|x64
		{928DB9EE-6C29-448F-A232-978ABE3D5D73}.Release|x64.Build.0 = Release|x64
		{928DB9EE-6C29-448F-A232-978ABE3D5D73}.Release|x86.ActiveCfg = Release|Win32
		{928DB9EE-6C29-448F-A232-978ABE3D5D73}.Release|x86.Build.0 = Release|Win32
		{3B830390-3430-4005-9D6A-77D73765A9C1}.Debug|Any CPU.ActiveCfg = Debug|Win32
		{3B830390-3430-4005-9D6A-77D73765A9C1}.Debug|x64.ActiveCfg = Debug|x64
		{3B830390-3430-4005-9D6A-77D73765A9C1}.Debug|x64.Build.0 = Debug|x64
		{3B830390-3430-4005-9D6A-77D73765A9C1}.Debug|x86.ActiveCfg = Debug|Win32
		{3B830390-3430-4005-9D6A-77D73765A9C1}.Debug|x86.Build.0 = Debug|Win32
		{3B830390-3430-4005-9D6A-77D73765A9C1}.Release|Any CPU.ActiveCfg = Release|Win32
		{3B830390-3430-4005-9D6A-77D73765A9C1}.Release|x64.ActiveCfg = Release|x64
		{3B830390-3430-4005-9D6A-77D73765A9C1}.Release|x64.Build.0 = Release|x64
		{3B830390-3430-4005-9D6A-77D73765A9C1}.Release|x86.ActiveCfg = Release|Win32
		{3B830390-3430-4005-9D6A-77D73765A9C1}.Release|x86.Build.0 = Release|Win32
		{70D5E8CF-4D3A-4385-8972-1B48C1B90E25}.Debug|Any CPU.ActiveCfg = Debug|Win32
		{70D5E8CF-4D3A-4385-8972-1B48C1B90E25}.Debug|x64.ActiveCfg = Debug|x64
		{70D5E8CF-4D3A-4385-8972-1B48C1B90E25}.Debug|x64.Build.0 = Debug|x64
		{70D5E8CF-4D3A-4385-8972-1B48C1B90E25}.Debug|x86.ActiveCfg = Debug|Win32
		{70D5E8CF-4D3A-4385-8972-1B48C1B90E25}.Debug|x86.Build.0 = Debug|Win32
		{70D5E8CF-4D3A-4385-8972-1B48C1B90E25}.Release|Any CPU.ActiveCfg = Release|Win32
		{70D5E8CF-4D3A-4385-8972-1B48C1B90E25}.Release|x64.ActiveCfg = Release|x64
		{70D5E8CF-4D3A-4385-8972-1B48C1B90E25}.Release|x64.Build.0 = Release|x64
		{70D5E8CF-4D3A-4385-8972-1B48C1B90E25}.Release|x86.ActiveCfg = Release|Win32
		{70D5E8CF-4D3A-4385-8972-1B48C1B90E25}.Release|x86.Build.0 = Release|Win32
		{9546EAE3-1115-4312-A570-54A92FEDB547}.Debug|Any CPU.ActiveCfg = Debug|Win32
		{9546EAE3-1115-4312-A570-54A92FEDB547}.Debug|x64.ActiveCfg = Debug|x64
		{9546EAE3-1115-4312-A570-54A92FEDB547}.Debug|x64.Build.0 = Debug|x64
		{9546EAE3-1115-4312-A570-54A92FEDB547}.Debug|x86.ActiveCfg = Debug|Win32
		{9546EAE3-1115-4312-A570-54A92FEDB547}.Debug|x86.Build.0 = Debug|Win32
		{9546EAE3-1115-4312-A570-54A92FEDB547}.Release|Any CPU.ActiveCfg = Release|Win32
		{9546EAE3-1115-4312-A570-54A92FEDB547}.Release|x64.ActiveCfg = Release|x64
		{9546EAE3-1115-4312-A570-54A92FEDB547}.Release|x64.Build.0 = Release|x64
		{9546EAE3-1115-4312-A570-54A92FEDB547}.Release|x86.ActiveCfg = Release|Win32
		{9546EAE3-1115-4312-A570-54A92FEDB547}.Release|x86.Build.0 = Release|Win32
		{9A404A5B-9557-4947-AADC-E7D9F6C46ED0}.Debug|Any CPU.ActiveCfg = Debug|Win32
		{9A404A5B-9557-4947-AADC-E7D9F6C46ED0}.Debug|x64.ActiveCfg = Debug|x64
		{9A404A5B-9557-4947-AADC-E7D9F6C46ED0}.Debug|x64.Build.0 = Debug|x64
		{9A404A5B-9557-4947-AADC-E7D9F6C46ED0}.Debug|x86.ActiveCfg = Debug|Win32
		{9A404A5B-9557-4947-AADC-E7D9F6C46ED0}.Debug|x86.Build.0 = Debug|Win32
		{9A404A5B-9557-4947-AADC-E7D9F6C46ED0}.Release|Any CPU.ActiveCfg = Release|Win32
		{9A404A5B-9557-4947-AADC-E7D9F6C46ED0}.Release|x64.ActiveCfg = Release|x64
		{9A404A5B-9557-4947-AADC-E7D9F6C46ED0}.Release|x64.Build.0 = Release|x64
		{9A404A5B-9557-4947-AADC-E7D9F6C46ED0}.Release|x86.ActiveCfg = Release|Win32
		{9A404A5B-9557-4947-AADC-E7D9F6C46ED0}.Release|x86.Build.0 = Release|Win32
		{8ACB8284-D3DB-44E2-B371-D661B47780DC}.Debug|Any CPU.ActiveCfg = Debug|Win32
		{8ACB8284-D3DB-44E2-B371-D661B47780DC}.Debug|x64.ActiveCfg = Debug|x64
		{8ACB8284-D3DB-44E2-B371-D661B47780DC}.Debug|x64.Build.0 = Debug|x64
		{8ACB8284-D3DB-44E2-B371-D661B47780DC}.Debug|x86.ActiveCfg = Debug|Win32
		{8ACB8284-D3DB-44E2-B371-D661B47780DC}.Debug|x86.Build.0 = Debug|Win32
		{8ACB8284-D3DB-44E2-B371-D661B47780DC}.Release|Any CPU.ActiveCfg = Release|Win32
		{8ACB8284-D3DB-44E2-B371-D661B47780DC}.Release|x64.ActiveCfg = Release|x64
		{8ACB8284-D3DB-44E2-B371-D661B47780DC}.Release|x64.Build.0 = Release|x64
		{8ACB8284-D3DB-44E2-B371-D661B47780DC}.Release|x86.ActiveCfg = Release|Win32
		{8ACB8284-D3DB-44E2-B371-D661B47780DC}.Release|x86.Build.0 = Release|Win32
		{FCD336D9-46DE-422F-8ADE-E10AC55E16C8}.Debug|Any CPU.ActiveCfg = Debug|Win32
		{FCD336D9-46DE-422F-8ADE-E10AC55E16C8}.Debug|x64.ActiveCfg = Debug|x64
		{FCD336D9-46DE-422F-8ADE-E10AC55E16C8}.Debug|x64.Build.0 = Debug|x64
		{FCD336D9-46DE-422F-8ADE-E10AC55E16C8}.Debug|x86.ActiveCfg = Debug|Win32
		{FCD336D9-46DE-422F-8ADE-E10AC55E16C8}.Debug|x86.Build.0 = Debug|Win32
		{FCD336D9-46DE-422F-8ADE-E10AC55E16C8}.Release|Any CPU.ActiveCfg = Release|Win32
		{FCD336D9-46DE-422F-8ADE-E10AC55E16C8}.Release|x64.ActiveCfg = Release|x64
		{FCD336D9-46DE-422F-8ADE-E10AC55E16C8}.Release|x64.Build.0 = Release|x64
		{FCD336D9-46DE-422F-8ADE-E10AC55E16C8}.Release|x86.ActiveCfg = Release|Win32
		{FCD336D9-46DE-422F-8ADE-E10AC55E16C8}.Release|x86.Build.0 = Release|Win32
		{11FB21CA-1E4D-4FF3-926B-BBD46B7953D9}.Debug|Any CPU.ActiveCfg = Debug|Win32
		{11FB21CA-1E4D-4FF3-926B-BBD46B7953D9}.Debug|x64.ActiveCfg = Debug|x64
		{11FB21CA-1E4D-4FF3-926B-BBD46B7953D9}.Debug|x64.Build.0 = Debug|x64
		{11FB21CA-1E4D-4FF3-926B-BBD46B7953D9}.Debug|x86.ActiveCfg = Debug|Win32
		{11FB21CA-1E4D-4FF3-926B-BBD46B7953D9}.Debug|x86.Build.0 = Debug|Win32
		{11FB21CA-1E4D-4FF3-926B-BBD46B7953D9}.Release|Any CPU.ActiveCfg = Release|Win32
		{11FB21CA-1E4D-4FF3-926B-BBD46B7953D9}.Release|x64.ActiveCfg = Release|x64
		{11FB21CA-1E4D-4FF3-926B-BBD46B7953D9}.Release|x64.Build.0 = Release|x64
		{11FB21CA-1E4D-4FF3-926B-BBD46B7953D9}.Release|x86.ActiveCfg = Release|Win32
		{11FB21CA-1E4D-4FF3-926B-BBD46B7953D9}.Release|x86.Build.0 = Release|Win32
		{06645B05-F1D7-4180-B53C-06B3034574A9}.Debug|Any CPU.ActiveCfg = Debug|Any CPU
		{06645B05-F1D7-4180-B53C-06B3034574A9}.Debug|x64.ActiveCfg = Debug|Any CPU
		{06645B05-F1D7-4180-B53C-06B3034574A9}.Debug|x86.ActiveCfg = Debug|Any CPU
		{06645B05-F1D7-4180-B53C-06B3034574A9}.Release|Any CPU.ActiveCfg = Release|Any CPU
		{06645B05-F1D7-4180-B53C-06B3034574A9}.Release|x64.ActiveCfg = Release|Any CPU
		{06645B05-F1D7-4180-B53C-06B3034574A9}.Release|x86.ActiveCfg = Release|Any CPU
	EndGlobalSection
	GlobalSection(SolutionProperties) = preSolution
		HideSolutionNode = FALSE
	EndGlobalSection
	GlobalSection(ExtensibilityGlobals) = postSolution
		SolutionGuid = {E0DAE338-8B40-401B-8857-EB5E019B56E9}
	EndGlobalSection
EndGlobal
