
Microsoft Visual Studio Solution File, Format Version 12.00
# Visual Studio Version 16
VisualStudioVersion = 16.0.31729.503
MinimumVisualStudioVersion = 10.0.40219.1
Project("{8BC9CEB8-8B4A-11D0-8D11-00A0C91BC942}") = "01008_A나누기B", "01008_A나누기B\01008_A나누기B.vcxproj", "{ED9C9235-9D3E-4B8C-8D0B-81549DB7E6BE}"
EndProject
Project("{8BC9CEB8-8B4A-11D0-8D11-00A0C91BC942}") = "15792_A나누기B - 2", "15792_A나누기B - 2\15792_A나누기B - 2.vcxproj", "{91970A81-38D3-405E-AAFF-5F9473A4BDBF}"
EndProject
Project("{8BC9CEB8-8B4A-11D0-8D11-00A0C91BC942}") = "01032_명령 프롬프트", "01032_명령 프롬프트\01032_명령 프롬프트.vcxproj", "{EAECEE33-AED5-4E22-9D9C-EE02CC740D5B}"
EndProject
Project("{888888A0-9F3D-457C-B088-3A5042F75D52}") = "01271_엄청난 부자2", "01271_엄청난 부자2\01271_엄청난 부자2.pyproj", "{30DFF9C2-E119-4A63-964B-7CA7E64AE7BE}"
EndProject
Global
	GlobalSection(SolutionConfigurationPlatforms) = preSolution
		Debug|Any CPU = Debug|Any CPU
		Debug|x64 = Debug|x64
		Debug|x86 = Debug|x86
		Release|Any CPU = Release|Any CPU
		Release|x64 = Release|x64
		Release|x86 = Release|x86
	EndGlobalSection
	GlobalSection(ProjectConfigurationPlatforms) = postSolution
		{ED9C9235-9D3E-4B8C-8D0B-81549DB7E6BE}.Debug|Any CPU.ActiveCfg = Debug|Win32
		{ED9C9235-9D3E-4B8C-8D0B-81549DB7E6BE}.Debug|x64.ActiveCfg = Debug|x64
		{ED9C9235-9D3E-4B8C-8D0B-81549DB7E6BE}.Debug|x64.Build.0 = Debug|x64
		{ED9C9235-9D3E-4B8C-8D0B-81549DB7E6BE}.Debug|x86.ActiveCfg = Debug|Win32
		{ED9C9235-9D3E-4B8C-8D0B-81549DB7E6BE}.Debug|x86.Build.0 = Debug|Win32
		{ED9C9235-9D3E-4B8C-8D0B-81549DB7E6BE}.Release|Any CPU.ActiveCfg = Release|Win32
		{ED9C9235-9D3E-4B8C-8D0B-81549DB7E6BE}.Release|x64.ActiveCfg = Release|x64
		{ED9C9235-9D3E-4B8C-8D0B-81549DB7E6BE}.Release|x64.Build.0 = Release|x64
		{ED9C9235-9D3E-4B8C-8D0B-81549DB7E6BE}.Release|x86.ActiveCfg = Release|Win32
		{ED9C9235-9D3E-4B8C-8D0B-81549DB7E6BE}.Release|x86.Build.0 = Release|Win32
		{91970A81-38D3-405E-AAFF-5F9473A4BDBF}.Debug|Any CPU.ActiveCfg = Debug|Win32
		{91970A81-38D3-405E-AAFF-5F9473A4BDBF}.Debug|x64.ActiveCfg = Debug|x64
		{91970A81-38D3-405E-AAFF-5F9473A4BDBF}.Debug|x64.Build.0 = Debug|x64
		{91970A81-38D3-405E-AAFF-5F9473A4BDBF}.Debug|x86.ActiveCfg = Debug|Win32
		{91970A81-38D3-405E-AAFF-5F9473A4BDBF}.Debug|x86.Build.0 = Debug|Win32
		{91970A81-38D3-405E-AAFF-5F9473A4BDBF}.Release|Any CPU.ActiveCfg = Release|Win32
		{91970A81-38D3-405E-AAFF-5F9473A4BDBF}.Release|x64.ActiveCfg = Release|x64
		{91970A81-38D3-405E-AAFF-5F9473A4BDBF}.Release|x64.Build.0 = Release|x64
		{91970A81-38D3-405E-AAFF-5F9473A4BDBF}.Release|x86.ActiveCfg = Release|Win32
		{91970A81-38D3-405E-AAFF-5F9473A4BDBF}.Release|x86.Build.0 = Release|Win32
		{EAECEE33-AED5-4E22-9D9C-EE02CC740D5B}.Debug|Any CPU.ActiveCfg = Debug|Win32
		{EAECEE33-AED5-4E22-9D9C-EE02CC740D5B}.Debug|x64.ActiveCfg = Debug|x64
		{EAECEE33-AED5-4E22-9D9C-EE02CC740D5B}.Debug|x64.Build.0 = Debug|x64
		{EAECEE33-AED5-4E22-9D9C-EE02CC740D5B}.Debug|x86.ActiveCfg = Debug|Win32
		{EAECEE33-AED5-4E22-9D9C-EE02CC740D5B}.Debug|x86.Build.0 = Debug|Win32
		{EAECEE33-AED5-4E22-9D9C-EE02CC740D5B}.Release|Any CPU.ActiveCfg = Release|Win32
		{EAECEE33-AED5-4E22-9D9C-EE02CC740D5B}.Release|x64.ActiveCfg = Release|x64
		{EAECEE33-AED5-4E22-9D9C-EE02CC740D5B}.Release|x64.Build.0 = Release|x64
		{EAECEE33-AED5-4E22-9D9C-EE02CC740D5B}.Release|x86.ActiveCfg = Release|Win32
		{EAECEE33-AED5-4E22-9D9C-EE02CC740D5B}.Release|x86.Build.0 = Release|Win32
		{30DFF9C2-E119-4A63-964B-7CA7E64AE7BE}.Debug|Any CPU.ActiveCfg = Debug|Any CPU
		{30DFF9C2-E119-4A63-964B-7CA7E64AE7BE}.Debug|x64.ActiveCfg = Debug|Any CPU
		{30DFF9C2-E119-4A63-964B-7CA7E64AE7BE}.Debug|x86.ActiveCfg = Debug|Any CPU
		{30DFF9C2-E119-4A63-964B-7CA7E64AE7BE}.Release|Any CPU.ActiveCfg = Release|Any CPU
		{30DFF9C2-E119-4A63-964B-7CA7E64AE7BE}.Release|x64.ActiveCfg = Release|Any CPU
		{30DFF9C2-E119-4A63-964B-7CA7E64AE7BE}.Release|x86.ActiveCfg = Release|Any CPU
	EndGlobalSection
	GlobalSection(SolutionProperties) = preSolution
		HideSolutionNode = FALSE
	EndGlobalSection
	GlobalSection(ExtensibilityGlobals) = postSolution
		SolutionGuid = {B0B3AAF8-82EA-46BF-B23C-24B4A7E56EDB}
	EndGlobalSection
EndGlobal
