
Microsoft Visual Studio Solution File, Format Version 12.00
# Visual Studio Version 16
VisualStudioVersion = 16.0.31729.503
MinimumVisualStudioVersion = 10.0.40219.1
Project("{8BC9CEB8-8B4A-11D0-8D11-00A0C91BC942}") = "01097_마법의 문자열", "01097_마법의 문자열\01097_마법의 문자열.vcxproj", "{E7313CCD-FE6B-4D45-97C3-664D6FEAC9EF}"
EndProject
Project("{8BC9CEB8-8B4A-11D0-8D11-00A0C91BC942}") = "01028_다이아몬드 광산", "01028_다이아몬드 광산\01028_다이아몬드 광산.vcxproj", "{DBCAA041-16E7-40EC-9A29-D82EE9A6DB6A}"
EndProject
Global
	GlobalSection(SolutionConfigurationPlatforms) = preSolution
		Debug|x64 = Debug|x64
		Debug|x86 = Debug|x86
		Release|x64 = Release|x64
		Release|x86 = Release|x86
	EndGlobalSection
	GlobalSection(ProjectConfigurationPlatforms) = postSolution
		{E7313CCD-FE6B-4D45-97C3-664D6FEAC9EF}.Debug|x64.ActiveCfg = Debug|x64
		{E7313CCD-FE6B-4D45-97C3-664D6FEAC9EF}.Debug|x64.Build.0 = Debug|x64
		{E7313CCD-FE6B-4D45-97C3-664D6FEAC9EF}.Debug|x86.ActiveCfg = Debug|Win32
		{E7313CCD-FE6B-4D45-97C3-664D6FEAC9EF}.Debug|x86.Build.0 = Debug|Win32
		{E7313CCD-FE6B-4D45-97C3-664D6FEAC9EF}.Release|x64.ActiveCfg = Release|x64
		{E7313CCD-FE6B-4D45-97C3-664D6FEAC9EF}.Release|x64.Build.0 = Release|x64
		{E7313CCD-FE6B-4D45-97C3-664D6FEAC9EF}.Release|x86.ActiveCfg = Release|Win32
		{E7313CCD-FE6B-4D45-97C3-664D6FEAC9EF}.Release|x86.Build.0 = Release|Win32
		{DBCAA041-16E7-40EC-9A29-D82EE9A6DB6A}.Debug|x64.ActiveCfg = Debug|x64
		{DBCAA041-16E7-40EC-9A29-D82EE9A6DB6A}.Debug|x64.Build.0 = Debug|x64
		{DBCAA041-16E7-40EC-9A29-D82EE9A6DB6A}.Debug|x86.ActiveCfg = Debug|Win32
		{DBCAA041-16E7-40EC-9A29-D82EE9A6DB6A}.Debug|x86.Build.0 = Debug|Win32
		{DBCAA041-16E7-40EC-9A29-D82EE9A6DB6A}.Release|x64.ActiveCfg = Release|x64
		{DBCAA041-16E7-40EC-9A29-D82EE9A6DB6A}.Release|x64.Build.0 = Release|x64
		{DBCAA041-16E7-40EC-9A29-D82EE9A6DB6A}.Release|x86.ActiveCfg = Release|Win32
		{DBCAA041-16E7-40EC-9A29-D82EE9A6DB6A}.Release|x86.Build.0 = Release|Win32
	EndGlobalSection
	GlobalSection(SolutionProperties) = preSolution
		HideSolutionNode = FALSE
	EndGlobalSection
	GlobalSection(ExtensibilityGlobals) = postSolution
		SolutionGuid = {FFD27E64-F505-4666-8909-CC59D1584BCD}
	EndGlobalSection
EndGlobal
